// !$*UTF8*$!
{
	archiveVersion = 1;
	classes = {
	};
	objectVersion = 51;
	objects = {

/* Begin PBXBuildFile section */
		C903E07323890C330083D079 /* Book.swift in Sources */ = {isa = PBXBuildFile; fileRef = C903E07223890C330083D079 /* Book.swift */; };
		C903E07523890CCC0083D079 /* Trainer.swift in Sources */ = {isa = PBXBuildFile; fileRef = C903E07423890CCC0083D079 /* Trainer.swift */; };
		C903E07723890D330083D079 /* Exercise.swift in Sources */ = {isa = PBXBuildFile; fileRef = C903E07623890D330083D079 /* Exercise.swift */; };
		C903E07B2389237C0083D079 /* View.swift in Sources */ = {isa = PBXBuildFile; fileRef = C903E07A2389237C0083D079 /* View.swift */; };
		C903E07E2389265B0083D079 /* ErrorView.swift in Sources */ = {isa = PBXBuildFile; fileRef = C903E07D2389265B0083D079 /* ErrorView.swift */; };
		C903E080238926640083D079 /* ErrorViewController.swift in Sources */ = {isa = PBXBuildFile; fileRef = C903E07F238926640083D079 /* ErrorViewController.swift */; };
		C903E0822389277C0083D079 /* UIView+Extension.swift in Sources */ = {isa = PBXBuildFile; fileRef = C903E0812389277C0083D079 /* UIView+Extension.swift */; };
		C903E08C23894B900083D079 /* TrainerRepository.swift in Sources */ = {isa = PBXBuildFile; fileRef = C903E08B23894B900083D079 /* TrainerRepository.swift */; };
		C903E08E23894BF10083D079 /* NetworkReposity.swift in Sources */ = {isa = PBXBuildFile; fileRef = C903E08D23894BF10083D079 /* NetworkReposity.swift */; };
		C903E09123894C6B0083D079 /* BookeunAPI.swift in Sources */ = {isa = PBXBuildFile; fileRef = C903E09023894C6B0083D079 /* BookeunAPI.swift */; };
		C903E093238951050083D079 /* BookRepository.swift in Sources */ = {isa = PBXBuildFile; fileRef = C903E092238951050083D079 /* BookRepository.swift */; };
		C903E095238951B60083D079 /* ExerciseRepository.swift in Sources */ = {isa = PBXBuildFile; fileRef = C903E094238951B60083D079 /* ExerciseRepository.swift */; };
		C903E097238954310083D079 /* ExerciseCategory.swift in Sources */ = {isa = PBXBuildFile; fileRef = C903E096238954310083D079 /* ExerciseCategory.swift */; };
		C903E099238959510083D079 /* RepositoryContainer.swift in Sources */ = {isa = PBXBuildFile; fileRef = C903E098238959510083D079 /* RepositoryContainer.swift */; };
		C903E09B238960A30083D079 /* Presenter.swift in Sources */ = {isa = PBXBuildFile; fileRef = C903E09A238960A30083D079 /* Presenter.swift */; };
		C903E09D238963C70083D079 /* EmptyViewController.swift in Sources */ = {isa = PBXBuildFile; fileRef = C903E09C238963C70083D079 /* EmptyViewController.swift */; };
		C903E09F238963D20083D079 /* EmptyView.swift in Sources */ = {isa = PBXBuildFile; fileRef = C903E09E238963D20083D079 /* EmptyView.swift */; };
		C924D7992386C8DD002ADF0C /* AppDelegate.swift in Sources */ = {isa = PBXBuildFile; fileRef = C924D7982386C8DD002ADF0C /* AppDelegate.swift */; };
		C924D79D2386C8DD002ADF0C /* ViewController.swift in Sources */ = {isa = PBXBuildFile; fileRef = C924D79C2386C8DD002ADF0C /* ViewController.swift */; };
		C924D7A22386C8DF002ADF0C /* Assets.xcassets in Resources */ = {isa = PBXBuildFile; fileRef = C924D7A12386C8DF002ADF0C /* Assets.xcassets */; };
		C924D7A52386C8DF002ADF0C /* LaunchScreen.storyboard in Resources */ = {isa = PBXBuildFile; fileRef = C924D7A32386C8DF002ADF0C /* LaunchScreen.storyboard */; };
		C924D7AD2386C905002ADF0C /* RootWindow.swift in Sources */ = {isa = PBXBuildFile; fileRef = C924D7AC2386C905002ADF0C /* RootWindow.swift */; };
		E96ED9183118480A8101899A /* Pods_Bookeun.framework in Frameworks */ = {isa = PBXBuildFile; fileRef = F6A547036C2869CC295FB5A0 /* Pods_Bookeun.framework */; };
/* End PBXBuildFile section */

/* Begin PBXFileReference section */
		5757F44FA2A96D93E1F511A1 /* Pods-Bookeun.release.xcconfig */ = {isa = PBXFileReference; includeInIndex = 1; lastKnownFileType = text.xcconfig; name = "Pods-Bookeun.release.xcconfig"; path = "Target Support Files/Pods-Bookeun/Pods-Bookeun.release.xcconfig"; sourceTree = "<group>"; };
		7679A9622CA7C65902D744EE /* Pods-Bookeun.debug.xcconfig */ = {isa = PBXFileReference; includeInIndex = 1; lastKnownFileType = text.xcconfig; name = "Pods-Bookeun.debug.xcconfig"; path = "Target Support Files/Pods-Bookeun/Pods-Bookeun.debug.xcconfig"; sourceTree = "<group>"; };
		C903E07223890C330083D079 /* Book.swift */ = {isa = PBXFileReference; lastKnownFileType = sourcecode.swift; path = Book.swift; sourceTree = "<group>"; };
		C903E07423890CCC0083D079 /* Trainer.swift */ = {isa = PBXFileReference; lastKnownFileType = sourcecode.swift; path = Trainer.swift; sourceTree = "<group>"; };
		C903E07623890D330083D079 /* Exercise.swift */ = {isa = PBXFileReference; lastKnownFileType = sourcecode.swift; path = Exercise.swift; sourceTree = "<group>"; };
		C903E07A2389237C0083D079 /* View.swift */ = {isa = PBXFileReference; lastKnownFileType = sourcecode.swift; path = View.swift; sourceTree = "<group>"; };
		C903E07D2389265B0083D079 /* ErrorView.swift */ = {isa = PBXFileReference; lastKnownFileType = sourcecode.swift; path = ErrorView.swift; sourceTree = "<group>"; };
		C903E07F238926640083D079 /* ErrorViewController.swift */ = {isa = PBXFileReference; lastKnownFileType = sourcecode.swift; path = ErrorViewController.swift; sourceTree = "<group>"; };
		C903E0812389277C0083D079 /* UIView+Extension.swift */ = {isa = PBXFileReference; lastKnownFileType = sourcecode.swift; path = "UIView+Extension.swift"; sourceTree = "<group>"; };
		C903E08B23894B900083D079 /* TrainerRepository.swift */ = {isa = PBXFileReference; lastKnownFileType = sourcecode.swift; path = TrainerRepository.swift; sourceTree = "<group>"; };
		C903E08D23894BF10083D079 /* NetworkReposity.swift */ = {isa = PBXFileReference; lastKnownFileType = sourcecode.swift; path = NetworkReposity.swift; sourceTree = "<group>"; };
		C903E09023894C6B0083D079 /* BookeunAPI.swift */ = {isa = PBXFileReference; lastKnownFileType = sourcecode.swift; path = BookeunAPI.swift; sourceTree = "<group>"; };
		C903E092238951050083D079 /* BookRepository.swift */ = {isa = PBXFileReference; lastKnownFileType = sourcecode.swift; path = BookRepository.swift; sourceTree = "<group>"; };
		C903E094238951B60083D079 /* ExerciseRepository.swift */ = {isa = PBXFileReference; lastKnownFileType = sourcecode.swift; path = ExerciseRepository.swift; sourceTree = "<group>"; };
		C903E096238954310083D079 /* ExerciseCategory.swift */ = {isa = PBXFileReference; lastKnownFileType = sourcecode.swift; path = ExerciseCategory.swift; sourceTree = "<group>"; };
		C903E098238959510083D079 /* RepositoryContainer.swift */ = {isa = PBXFileReference; lastKnownFileType = sourcecode.swift; path = RepositoryContainer.swift; sourceTree = "<group>"; };
		C903E09A238960A30083D079 /* Presenter.swift */ = {isa = PBXFileReference; lastKnownFileType = sourcecode.swift; path = Presenter.swift; sourceTree = "<group>"; };
		C903E09C238963C70083D079 /* EmptyViewController.swift */ = {isa = PBXFileReference; lastKnownFileType = sourcecode.swift; path = EmptyViewController.swift; sourceTree = "<group>"; };
		C903E09E238963D20083D079 /* EmptyView.swift */ = {isa = PBXFileReference; lastKnownFileType = sourcecode.swift; path = EmptyView.swift; sourceTree = "<group>"; };
		C924D7952386C8DD002ADF0C /* 북근북근.app */ = {isa = PBXFileReference; explicitFileType = wrapper.application; includeInIndex = 0; path = "북근북근.app"; sourceTree = BUILT_PRODUCTS_DIR; };
		C924D7982386C8DD002ADF0C /* AppDelegate.swift */ = {isa = PBXFileReference; lastKnownFileType = sourcecode.swift; path = AppDelegate.swift; sourceTree = "<group>"; };
		C924D79C2386C8DD002ADF0C /* ViewController.swift */ = {isa = PBXFileReference; lastKnownFileType = sourcecode.swift; path = ViewController.swift; sourceTree = "<group>"; };
		C924D7A12386C8DF002ADF0C /* Assets.xcassets */ = {isa = PBXFileReference; lastKnownFileType = folder.assetcatalog; path = Assets.xcassets; sourceTree = "<group>"; };
		C924D7A42386C8DF002ADF0C /* Base */ = {isa = PBXFileReference; lastKnownFileType = file.storyboard; name = Base; path = Base.lproj/LaunchScreen.storyboard; sourceTree = "<group>"; };
		C924D7A62386C8DF002ADF0C /* Info.plist */ = {isa = PBXFileReference; lastKnownFileType = text.plist.xml; path = Info.plist; sourceTree = "<group>"; };
		C924D7AC2386C905002ADF0C /* RootWindow.swift */ = {isa = PBXFileReference; lastKnownFileType = sourcecode.swift; path = RootWindow.swift; sourceTree = "<group>"; };
		F6A547036C2869CC295FB5A0 /* Pods_Bookeun.framework */ = {isa = PBXFileReference; explicitFileType = wrapper.framework; includeInIndex = 0; path = Pods_Bookeun.framework; sourceTree = BUILT_PRODUCTS_DIR; };
/* End PBXFileReference section */

/* Begin PBXFrameworksBuildPhase section */
		C924D7922386C8DD002ADF0C /* Frameworks */ = {
			isa = PBXFrameworksBuildPhase;
			buildActionMask = 2147483647;
			files = (
				E96ED9183118480A8101899A /* Pods_Bookeun.framework in Frameworks */,
			);
			runOnlyForDeploymentPostprocessing = 0;
		};
/* End PBXFrameworksBuildPhase section */

/* Begin PBXGroup section */
		31DF077479A6C8CFBF1A7156 /* Frameworks */ = {
			isa = PBXGroup;
			children = (
				F6A547036C2869CC295FB5A0 /* Pods_Bookeun.framework */,
			);
			name = Frameworks;
			sourceTree = "<group>";
		};
		C903E07123890BFB0083D079 /* Entity */ = {
			isa = PBXGroup;
			children = (
				C903E07223890C330083D079 /* Book.swift */,
				C903E07423890CCC0083D079 /* Trainer.swift */,
				C903E07623890D330083D079 /* Exercise.swift */,
				C903E096238954310083D079 /* ExerciseCategory.swift */,
			);
			path = Entity;
			sourceTree = "<group>";
		};
		C903E07C2389264C0083D079 /* Error */ = {
			isa = PBXGroup;
			children = (
				C903E07F238926640083D079 /* ErrorViewController.swift */,
				C903E07D2389265B0083D079 /* ErrorView.swift */,
			);
			path = Error;
			sourceTree = "<group>";
		};
		C903E08A238949C30083D079 /* Repository */ = {
			isa = PBXGroup;
			children = (
				C903E08B23894B900083D079 /* TrainerRepository.swift */,
				C903E092238951050083D079 /* BookRepository.swift */,
				C903E094238951B60083D079 /* ExerciseRepository.swift */,
				C903E098238959510083D079 /* RepositoryContainer.swift */,
			);
			path = Repository;
			sourceTree = "<group>";
		};
		C903E08F23894C120083D079 /* Network */ = {
			isa = PBXGroup;
			children = (
				C903E08D23894BF10083D079 /* NetworkReposity.swift */,
				C903E09023894C6B0083D079 /* BookeunAPI.swift */,
			);
			path = Network;
			sourceTree = "<group>";
		};
		C924D78C2386C8DD002ADF0C = {
			isa = PBXGroup;
			children = (
				C924D7972386C8DD002ADF0C /* Bookeun */,
				C924D7962386C8DD002ADF0C /* Products */,
				D8566F6BBACA2E70E4B0DCB6 /* Pods */,
				31DF077479A6C8CFBF1A7156 /* Frameworks */,
			);
			sourceTree = "<group>";
		};
		C924D7962386C8DD002ADF0C /* Products */ = {
			isa = PBXGroup;
			children = (
				C924D7952386C8DD002ADF0C /* 북근북근.app */,
			);
			name = Products;
			sourceTree = "<group>";
		};
		C924D7972386C8DD002ADF0C /* Bookeun */ = {
			isa = PBXGroup;
			children = (
				C924D7982386C8DD002ADF0C /* AppDelegate.swift */,
				C924D7AC2386C905002ADF0C /* RootWindow.swift */,
				C924D7AE2386D1F9002ADF0C /* Base */,
				C903E07123890BFB0083D079 /* Entity */,
				C903E08F23894C120083D079 /* Network */,
				C903E08A238949C30083D079 /* Repository */,
				D9B531F923892A10005135EF /* Presentation */,
				C924D7A12386C8DF002ADF0C /* Assets.xcassets */,
				C924D7A32386C8DF002ADF0C /* LaunchScreen.storyboard */,
				C924D7A62386C8DF002ADF0C /* Info.plist */,
			);
			path = Bookeun;
			sourceTree = "<group>";
		};
		C924D7AE2386D1F9002ADF0C /* Base */ = {
			isa = PBXGroup;
			children = (
				C924D79C2386C8DD002ADF0C /* ViewController.swift */,
				C903E09C238963C70083D079 /* EmptyViewController.swift */,
				C903E07A2389237C0083D079 /* View.swift */,
				C903E09E238963D20083D079 /* EmptyView.swift */,
				C903E09A238960A30083D079 /* Presenter.swift */,
				C903E0812389277C0083D079 /* UIView+Extension.swift */,
			);
			path = Base;
			sourceTree = "<group>";
		};
		D8566F6BBACA2E70E4B0DCB6 /* Pods */ = {
			isa = PBXGroup;
			children = (
				7679A9622CA7C65902D744EE /* Pods-Bookeun.debug.xcconfig */,
				5757F44FA2A96D93E1F511A1 /* Pods-Bookeun.release.xcconfig */,
			);
			path = Pods;
			sourceTree = "<group>";
		};
		D9B531F923892A10005135EF /* Presentation */ = {
			isa = PBXGroup;
			children = (
				C903E07C2389264C0083D079 /* Error */,
			);
			path = Presentation;
			sourceTree = "<group>";
		};
/* End PBXGroup section */

/* Begin PBXNativeTarget section */
		C924D7942386C8DD002ADF0C /* Bookeun */ = {
			isa = PBXNativeTarget;
			buildConfigurationList = C924D7A92386C8DF002ADF0C /* Build configuration list for PBXNativeTarget "Bookeun" */;
			buildPhases = (
				B452EDFDBCD7C8E77CDC24E3 /* [CP] Check Pods Manifest.lock */,
				C924D7912386C8DD002ADF0C /* Sources */,
				C924D7922386C8DD002ADF0C /* Frameworks */,
				C924D7932386C8DD002ADF0C /* Resources */,
				95540F216F0A9215135F76A9 /* [CP] Embed Pods Frameworks */,
				D9B69C7F2386D48400649177 /* ShellScript */,
			);
			buildRules = (
			);
			dependencies = (
			);
			name = Bookeun;
			productName = Bookeun;
			productReference = C924D7952386C8DD002ADF0C /* 북근북근.app */;
			productType = "com.apple.product-type.application";
		};
/* End PBXNativeTarget section */

/* Begin PBXProject section */
		C924D78D2386C8DD002ADF0C /* Project object */ = {
			isa = PBXProject;
			attributes = {
				LastSwiftUpdateCheck = 1120;
				LastUpgradeCheck = 1120;
				ORGANIZATIONNAME = Lizardmon;
				TargetAttributes = {
					C924D7942386C8DD002ADF0C = {
						CreatedOnToolsVersion = 11.2.1;
					};
				};
			};
			buildConfigurationList = C924D7902386C8DD002ADF0C /* Build configuration list for PBXProject "Bookeun" */;
			compatibilityVersion = "Xcode 9.3";
			developmentRegion = en;
			hasScannedForEncodings = 0;
			knownRegions = (
				en,
				Base,
			);
			mainGroup = C924D78C2386C8DD002ADF0C;
			productRefGroup = C924D7962386C8DD002ADF0C /* Products */;
			projectDirPath = "";
			projectRoot = "";
			targets = (
				C924D7942386C8DD002ADF0C /* Bookeun */,
			);
		};
/* End PBXProject section */

/* Begin PBXResourcesBuildPhase section */
		C924D7932386C8DD002ADF0C /* Resources */ = {
			isa = PBXResourcesBuildPhase;
			buildActionMask = 2147483647;
			files = (
				C924D7A52386C8DF002ADF0C /* LaunchScreen.storyboard in Resources */,
				C924D7A22386C8DF002ADF0C /* Assets.xcassets in Resources */,
			);
			runOnlyForDeploymentPostprocessing = 0;
		};
/* End PBXResourcesBuildPhase section */

/* Begin PBXShellScriptBuildPhase section */
		95540F216F0A9215135F76A9 /* [CP] Embed Pods Frameworks */ = {
			isa = PBXShellScriptBuildPhase;
			buildActionMask = 2147483647;
			files = (
			);
			inputFileListPaths = (
				"${PODS_ROOT}/Target Support Files/Pods-Bookeun/Pods-Bookeun-frameworks-${CONFIGURATION}-input-files.xcfilelist",
			);
			name = "[CP] Embed Pods Frameworks";
			outputFileListPaths = (
				"${PODS_ROOT}/Target Support Files/Pods-Bookeun/Pods-Bookeun-frameworks-${CONFIGURATION}-output-files.xcfilelist",
			);
			runOnlyForDeploymentPostprocessing = 0;
			shellPath = /bin/sh;
			shellScript = "\"${PODS_ROOT}/Target Support Files/Pods-Bookeun/Pods-Bookeun-frameworks.sh\"\n";
			showEnvVarsInLog = 0;
		};
		B452EDFDBCD7C8E77CDC24E3 /* [CP] Check Pods Manifest.lock */ = {
			isa = PBXShellScriptBuildPhase;
			buildActionMask = 2147483647;
			files = (
			);
			inputFileListPaths = (
			);
			inputPaths = (
				"${PODS_PODFILE_DIR_PATH}/Podfile.lock",
				"${PODS_ROOT}/Manifest.lock",
			);
			name = "[CP] Check Pods Manifest.lock";
			outputFileListPaths = (
			);
			outputPaths = (
				"$(DERIVED_FILE_DIR)/Pods-Bookeun-checkManifestLockResult.txt",
			);
			runOnlyForDeploymentPostprocessing = 0;
			shellPath = /bin/sh;
			shellScript = "diff \"${PODS_PODFILE_DIR_PATH}/Podfile.lock\" \"${PODS_ROOT}/Manifest.lock\" > /dev/null\nif [ $? != 0 ] ; then\n    # print error to STDERR\n    echo \"error: The sandbox is not in sync with the Podfile.lock. Run 'pod install' or update your CocoaPods installation.\" >&2\n    exit 1\nfi\n# This output is used by Xcode 'outputs' to avoid re-running this script phase.\necho \"SUCCESS\" > \"${SCRIPT_OUTPUT_FILE_0}\"\n";
			showEnvVarsInLog = 0;
		};
		D9B69C7F2386D48400649177 /* ShellScript */ = {
			isa = PBXShellScriptBuildPhase;
			buildActionMask = 2147483647;
			files = (
			);
			inputFileListPaths = (
			);
			inputPaths = (
			);
			outputFileListPaths = (
			);
			outputPaths = (
			);
			runOnlyForDeploymentPostprocessing = 0;
			shellPath = /bin/sh;
			shellScript = "${PODS_ROOT}/SwiftLint/swiftlint\n";
		};
/* End PBXShellScriptBuildPhase section */

/* Begin PBXSourcesBuildPhase section */
		C924D7912386C8DD002ADF0C /* Sources */ = {
			isa = PBXSourcesBuildPhase;
			buildActionMask = 2147483647;
			files = (
				C903E09B238960A30083D079 /* Presenter.swift in Sources */,
				C903E07323890C330083D079 /* Book.swift in Sources */,
				C924D7AD2386C905002ADF0C /* RootWindow.swift in Sources */,
				C903E093238951050083D079 /* BookRepository.swift in Sources */,
				C903E099238959510083D079 /* RepositoryContainer.swift in Sources */,
				C903E09D238963C70083D079 /* EmptyViewController.swift in Sources */,
				C903E097238954310083D079 /* ExerciseCategory.swift in Sources */,
				C924D79D2386C8DD002ADF0C /* ViewController.swift in Sources */,
				C903E08C23894B900083D079 /* TrainerRepository.swift in Sources */,
				C903E09123894C6B0083D079 /* BookeunAPI.swift in Sources */,
				C924D7992386C8DD002ADF0C /* AppDelegate.swift in Sources */,
				C903E07523890CCC0083D079 /* Trainer.swift in Sources */,
				C903E07B2389237C0083D079 /* View.swift in Sources */,
				C903E095238951B60083D079 /* ExerciseRepository.swift in Sources */,
				C903E08E23894BF10083D079 /* NetworkReposity.swift in Sources */,
				C903E07723890D330083D079 /* Exercise.swift in Sources */,
				C903E09F238963D20083D079 /* EmptyView.swift in Sources */,
				C903E080238926640083D079 /* ErrorViewController.swift in Sources */,
				C903E0822389277C0083D079 /* UIView+Extension.swift in Sources */,
				C903E07E2389265B0083D079 /* ErrorView.swift in Sources */,
			);
			runOnlyForDeploymentPostprocessing = 0;
		};
/* End PBXSourcesBuildPhase section */

/* Begin PBXVariantGroup section */
		C924D7A32386C8DF002ADF0C /* LaunchScreen.storyboard */ = {
			isa = PBXVariantGroup;
			children = (
				C924D7A42386C8DF002ADF0C /* Base */,
			);
			name = LaunchScreen.storyboard;
			sourceTree = "<group>";
		};
/* End PBXVariantGroup section */

/* Begin XCBuildConfiguration section */
		C924D7A72386C8DF002ADF0C /* Debug */ = {
			isa = XCBuildConfiguration;
			buildSettings = {
				ALWAYS_SEARCH_USER_PATHS = NO;
				CLANG_ANALYZER_NONNULL = YES;
				CLANG_ANALYZER_NUMBER_OBJECT_CONVERSION = YES_AGGRESSIVE;
				CLANG_CXX_LANGUAGE_STANDARD = "gnu++14";
				CLANG_CXX_LIBRARY = "libc++";
				CLANG_ENABLE_MODULES = YES;
				CLANG_ENABLE_OBJC_ARC = YES;
				CLANG_ENABLE_OBJC_WEAK = YES;
				CLANG_WARN_BLOCK_CAPTURE_AUTORELEASING = YES;
				CLANG_WARN_BOOL_CONVERSION = YES;
				CLANG_WARN_COMMA = YES;
				CLANG_WARN_CONSTANT_CONVERSION = YES;
				CLANG_WARN_DEPRECATED_OBJC_IMPLEMENTATIONS = YES;
				CLANG_WARN_DIRECT_OBJC_ISA_USAGE = YES_ERROR;
				CLANG_WARN_DOCUMENTATION_COMMENTS = YES;
				CLANG_WARN_EMPTY_BODY = YES;
				CLANG_WARN_ENUM_CONVERSION = YES;
				CLANG_WARN_INFINITE_RECURSION = YES;
				CLANG_WARN_INT_CONVERSION = YES;
				CLANG_WARN_NON_LITERAL_NULL_CONVERSION = YES;
				CLANG_WARN_OBJC_IMPLICIT_RETAIN_SELF = YES;
				CLANG_WARN_OBJC_LITERAL_CONVERSION = YES;
				CLANG_WARN_OBJC_ROOT_CLASS = YES_ERROR;
				CLANG_WARN_RANGE_LOOP_ANALYSIS = YES;
				CLANG_WARN_STRICT_PROTOTYPES = YES;
				CLANG_WARN_SUSPICIOUS_MOVE = YES;
				CLANG_WARN_UNGUARDED_AVAILABILITY = YES_AGGRESSIVE;
				CLANG_WARN_UNREACHABLE_CODE = YES;
				CLANG_WARN__DUPLICATE_METHOD_MATCH = YES;
				COPY_PHASE_STRIP = NO;
				DEBUG_INFORMATION_FORMAT = dwarf;
				ENABLE_STRICT_OBJC_MSGSEND = YES;
				ENABLE_TESTABILITY = YES;
				GCC_C_LANGUAGE_STANDARD = gnu11;
				GCC_DYNAMIC_NO_PIC = NO;
				GCC_NO_COMMON_BLOCKS = YES;
				GCC_OPTIMIZATION_LEVEL = 0;
				GCC_PREPROCESSOR_DEFINITIONS = (
					"DEBUG=1",
					"$(inherited)",
				);
				GCC_WARN_64_TO_32_BIT_CONVERSION = YES;
				GCC_WARN_ABOUT_RETURN_TYPE = YES_ERROR;
				GCC_WARN_UNDECLARED_SELECTOR = YES;
				GCC_WARN_UNINITIALIZED_AUTOS = YES_AGGRESSIVE;
				GCC_WARN_UNUSED_FUNCTION = YES;
				GCC_WARN_UNUSED_VARIABLE = YES;
				IPHONEOS_DEPLOYMENT_TARGET = 13.2;
				MTL_ENABLE_DEBUG_INFO = INCLUDE_SOURCE;
				MTL_FAST_MATH = YES;
				ONLY_ACTIVE_ARCH = YES;
				SDKROOT = iphoneos;
				SWIFT_ACTIVE_COMPILATION_CONDITIONS = DEBUG;
				SWIFT_OPTIMIZATION_LEVEL = "-Onone";
			};
			name = Debug;
		};
		C924D7A82386C8DF002ADF0C /* Release */ = {
			isa = XCBuildConfiguration;
			buildSettings = {
				ALWAYS_SEARCH_USER_PATHS = NO;
				CLANG_ANALYZER_NONNULL = YES;
				CLANG_ANALYZER_NUMBER_OBJECT_CONVERSION = YES_AGGRESSIVE;
				CLANG_CXX_LANGUAGE_STANDARD = "gnu++14";
				CLANG_CXX_LIBRARY = "libc++";
				CLANG_ENABLE_MODULES = YES;
				CLANG_ENABLE_OBJC_ARC = YES;
				CLANG_ENABLE_OBJC_WEAK = YES;
				CLANG_WARN_BLOCK_CAPTURE_AUTORELEASING = YES;
				CLANG_WARN_BOOL_CONVERSION = YES;
				CLANG_WARN_COMMA = YES;
				CLANG_WARN_CONSTANT_CONVERSION = YES;
				CLANG_WARN_DEPRECATED_OBJC_IMPLEMENTATIONS = YES;
				CLANG_WARN_DIRECT_OBJC_ISA_USAGE = YES_ERROR;
				CLANG_WARN_DOCUMENTATION_COMMENTS = YES;
				CLANG_WARN_EMPTY_BODY = YES;
				CLANG_WARN_ENUM_CONVERSION = YES;
				CLANG_WARN_INFINITE_RECURSION = YES;
				CLANG_WARN_INT_CONVERSION = YES;
				CLANG_WARN_NON_LITERAL_NULL_CONVERSION = YES;
				CLANG_WARN_OBJC_IMPLICIT_RETAIN_SELF = YES;
				CLANG_WARN_OBJC_LITERAL_CONVERSION = YES;
				CLANG_WARN_OBJC_ROOT_CLASS = YES_ERROR;
				CLANG_WARN_RANGE_LOOP_ANALYSIS = YES;
				CLANG_WARN_STRICT_PROTOTYPES = YES;
				CLANG_WARN_SUSPICIOUS_MOVE = YES;
				CLANG_WARN_UNGUARDED_AVAILABILITY = YES_AGGRESSIVE;
				CLANG_WARN_UNREACHABLE_CODE = YES;
				CLANG_WARN__DUPLICATE_METHOD_MATCH = YES;
				COPY_PHASE_STRIP = NO;
				DEBUG_INFORMATION_FORMAT = "dwarf-with-dsym";
				ENABLE_NS_ASSERTIONS = NO;
				ENABLE_STRICT_OBJC_MSGSEND = YES;
				GCC_C_LANGUAGE_STANDARD = gnu11;
				GCC_NO_COMMON_BLOCKS = YES;
				GCC_WARN_64_TO_32_BIT_CONVERSION = YES;
				GCC_WARN_ABOUT_RETURN_TYPE = YES_ERROR;
				GCC_WARN_UNDECLARED_SELECTOR = YES;
				GCC_WARN_UNINITIALIZED_AUTOS = YES_AGGRESSIVE;
				GCC_WARN_UNUSED_FUNCTION = YES;
				GCC_WARN_UNUSED_VARIABLE = YES;
				IPHONEOS_DEPLOYMENT_TARGET = 13.2;
				MTL_ENABLE_DEBUG_INFO = NO;
				MTL_FAST_MATH = YES;
				SDKROOT = iphoneos;
				SWIFT_COMPILATION_MODE = wholemodule;
				SWIFT_OPTIMIZATION_LEVEL = "-O";
				VALIDATE_PRODUCT = YES;
			};
			name = Release;
		};
		C924D7AA2386C8DF002ADF0C /* Debug */ = {
			isa = XCBuildConfiguration;
			baseConfigurationReference = 7679A9622CA7C65902D744EE /* Pods-Bookeun.debug.xcconfig */;
			buildSettings = {
				ASSETCATALOG_COMPILER_APPICON_NAME = AppIcon;
				CODE_SIGN_STYLE = Automatic;
				DEVELOPMENT_TEAM = W3868KR87Z;
				INFOPLIST_FILE = Bookeun/Info.plist;
				IPHONEOS_DEPLOYMENT_TARGET = 12.0;
				LD_RUNPATH_SEARCH_PATHS = (
					"$(inherited)",
					"@executable_path/Frameworks",
				);
				PRODUCT_BUNDLE_IDENTIFIER = lizardmon.Bookeun;
				PRODUCT_NAME = "북근북근";
				SWIFT_VERSION = 5.0;
				TARGETED_DEVICE_FAMILY = "1,2";
			};
			name = Debug;
		};
		C924D7AB2386C8DF002ADF0C /* Release */ = {
			isa = XCBuildConfiguration;
			baseConfigurationReference = 5757F44FA2A96D93E1F511A1 /* Pods-Bookeun.release.xcconfig */;
			buildSettings = {
				ASSETCATALOG_COMPILER_APPICON_NAME = AppIcon;
				CODE_SIGN_STYLE = Automatic;
				DEVELOPMENT_TEAM = 74HR8KDU73;
				INFOPLIST_FILE = Bookeun/Info.plist;
				IPHONEOS_DEPLOYMENT_TARGET = 12.0;
				LD_RUNPATH_SEARCH_PATHS = (
					"$(inherited)",
					"@executable_path/Frameworks",
				);
				PRODUCT_BUNDLE_IDENTIFIER = lizardmon.Bookeun;
				PRODUCT_NAME = "북근북근";
				SWIFT_VERSION = 5.0;
				TARGETED_DEVICE_FAMILY = "1,2";
			};
			name = Release;
		};
/* End XCBuildConfiguration section */

/* Begin XCConfigurationList section */
		C924D7902386C8DD002ADF0C /* Build configuration list for PBXProject "Bookeun" */ = {
			isa = XCConfigurationList;
			buildConfigurations = (
				C924D7A72386C8DF002ADF0C /* Debug */,
				C924D7A82386C8DF002ADF0C /* Release */,
			);
			defaultConfigurationIsVisible = 0;
			defaultConfigurationName = Release;
		};
		C924D7A92386C8DF002ADF0C /* Build configuration list for PBXNativeTarget "Bookeun" */ = {
			isa = XCConfigurationList;
			buildConfigurations = (
				C924D7AA2386C8DF002ADF0C /* Debug */,
				C924D7AB2386C8DF002ADF0C /* Release */,
			);
			defaultConfigurationIsVisible = 0;
			defaultConfigurationName = Release;
		};
/* End XCConfigurationList section */
	};
	rootObject = C924D78D2386C8DD002ADF0C /* Project object */;
}
